[{<<"erlcloud">>,
  {git,"git://github.com/gleber/erlcloud",
       {ref,"49012c5383a5943a8ee03334c10166a96d4c3efe"}},
  0},
 {<<"jsx">>,
  {git,"git://github.com/talentdeficit/jsx.git",
       {ref,"3074d4865b3385a050badf7828ad31490d860df5"}},
  1},
 {<<"kla">>,
  {git,"git://github.com/lfex/kla.git",
       {ref,"a8afc4f673809d89b6c4a374b972f54ef6b39bde"}},
  0},
 {<<"lfe">>,
  {git,"git://github.com/rvirding/lfe",
       {ref,"b84e9a8a1db6ffdd0cfe593fc8ad440ef72a5511"}},
  0},
 {<<"lhttpc">>,
  {git,"git://github.com/erlcloud/lhttpc",
       {ref,"2d01a5f9c7543b77bdd57f44c92e72801f46e423"}},
  1},
 {<<"meck">>,
  {git,"https://github.com/eproxus/meck.git",
       {ref,"70d6a33ce7407029dc59e22a5b3c1c61c1348b23"}},
  1}].
